
Microsoft Visual Studio Solution File, Format Version 12.00
# Visual Studio 15
VisualStudioVersion = 15.0.28010.2036
MinimumVisualStudioVersion = 10.0.40219.1
Project("{9A19103F-16F7-4668-BE54-9A1E7A4F7556}") = "HelloWorldJenkins", "src\HelloWorldJenkins\HelloWorldJenkins.csproj", "{09B8C3C6-4BE5-4C70-9FF2-F3CDCB768267}"
EndProject
Project("{2150E333-8FDC-42A3-9474-1A3956D46DE8}") = "Solution Items", "Solution Items", "{0752B564-4897-41A5-9992-0F9E72A7A4AD}"
	ProjectSection(SolutionItems) = preProject
		Dockerfile = Dockerfile
		Jenkinsfile = Jenkinsfile
	EndProjectSection
EndProject
Project("{9A19103F-16F7-4668-BE54-9A1E7A4F7556}") = "HelloWorldJenkins.UnitTests", "test\HelloWorldJenkins.UnitTests\HelloWorldJenkins.UnitTests.csproj", "{69400DDC-5E90-49A0-A810-C116E9A3A60A}"
EndProject
Project("{2150E333-8FDC-42A3-9474-1A3956D46DE8}") = "src", "src", "{1499BC6F-0F52-4D49-B8C5-99A0CAA46CD9}"
EndProject
Project("{2150E333-8FDC-42A3-9474-1A3956D46DE8}") = "test", "test", "{00E9EA13-1E0B-4738-87A0-F97B90A73A91}"
EndProject
Global
	GlobalSection(SolutionConfigurationPlatforms) = preSolution
		Debug|Any CPU = Debug|Any CPU
		Release|Any CPU = Release|Any CPU
	EndGlobalSection
	GlobalSection(ProjectConfigurationPlatforms) = postSolution
		{09B8C3C6-4BE5-4C70-9FF2-F3CDCB768267}.Debug|Any CPU.ActiveCfg = Debug|Any CPU
		{09B8C3C6-4BE5-4C70-9FF2-F3CDCB768267}.Debug|Any CPU.Build.0 = Debug|Any CPU
		{09B8C3C6-4BE5-4C70-9FF2-F3CDCB768267}.Release|Any CPU.ActiveCfg = Release|Any CPU
		{09B8C3C6-4BE5-4C70-9FF2-F3CDCB768267}.Release|Any CPU.Build.0 = Release|Any CPU
		{69400DDC-5E90-49A0-A810-C116E9A3A60A}.Debug|Any CPU.ActiveCfg = Debug|Any CPU
		{69400DDC-5E90-49A0-A810-C116E9A3A60A}.Debug|Any CPU.Build.0 = Debug|Any CPU
		{69400DDC-5E90-49A0-A810-C116E9A3A60A}.Release|Any CPU.ActiveCfg = Release|Any CPU
		{69400DDC-5E90-49A0-A810-C116E9A3A60A}.Release|Any CPU.Build.0 = Release|Any CPU
	EndGlobalSection
	GlobalSection(SolutionProperties) = preSolution
		HideSolutionNode = FALSE
	EndGlobalSection
	GlobalSection(NestedProjects) = preSolution
		{09B8C3C6-4BE5-4C70-9FF2-F3CDCB768267} = {1499BC6F-0F52-4D49-B8C5-99A0CAA46CD9}
		{69400DDC-5E90-49A0-A810-C116E9A3A60A} = {00E9EA13-1E0B-4738-87A0-F97B90A73A91}
	EndGlobalSection
	GlobalSection(ExtensibilityGlobals) = postSolution
		SolutionGuid = {1F15BF65-0DE9-49E9-A354-A9DF02B4CEDB}
	EndGlobalSection
EndGlobal
